
Microsoft Visual Studio Solution File, Format Version 12.00
# Visual Studio Version 16
VisualStudioVersion = 16.0.30225.117
MinimumVisualStudioVersion = 10.0.40219.1
Project("{FAE04EC0-301F-11D3-BF4B-00C04F79EFBC}") = "Calculator", "Calculator\Calculator.csproj", "{1088C72E-B2F9-42A1-B009-132FE6545FD2}"
EndProject
Global
	GlobalSection(SolutionConfigurationPlatforms) = preSolution
		Debug|Any CPU = Debug|Any CPU
		Release|Any CPU = Release|Any CPU
	EndGlobalSection
	GlobalSection(ProjectConfigurationPlatforms) = postSolution
		{1088C72E-B2F9-42A1-B009-132FE6545FD2}.Debug|Any CPU.ActiveCfg = Debug|Any CPU
		{1088C72E-B2F9-42A1-B009-132FE6545FD2}.Debug|Any CPU.Build.0 = Debug|Any CPU
		{1088C72E-B2F9-42A1-B009-132FE6545FD2}.Release|Any CPU.ActiveCfg = Release|Any CPU
		{1088C72E-B2F9-42A1-B009-132FE6545FD2}.Release|Any CPU.Build.0 = Release|Any CPU
	EndGlobalSection
	GlobalSection(SolutionProperties) = preSolution
		HideSolutionNode = FALSE
	EndGlobalSection
	GlobalSection(ExtensibilityGlobals) = postSolution
		SolutionGuid = {043C2E24-AE1F-487A-B962-59DD7A345FD0}
	EndGlobalSection
EndGlobal
